
Microsoft Visual Studio Solution File, Format Version 12.00
# Visual Studio Version 16
VisualStudioVersion = 16.0.31702.278
MinimumVisualStudioVersion = 10.0.40219.1
Project("{FAE04EC0-301F-11D3-BF4B-00C04F79EFBC}") = "generateur_mot_de_passe", "generateur_mot_de_passe.csproj", "{826A337E-3C22-4B7F-A84D-CFF8A8270E27}"
EndProject
Global
	GlobalSection(SolutionConfigurationPlatforms) = preSolution
		Debug|Any CPU = Debug|Any CPU
		Release|Any CPU = Release|Any CPU
	EndGlobalSection
	GlobalSection(ProjectConfigurationPlatforms) = postSolution
		{826A337E-3C22-4B7F-A84D-CFF8A8270E27}.Debug|Any CPU.ActiveCfg = Debug|Any CPU
		{826A337E-3C22-4B7F-A84D-CFF8A8270E27}.Debug|Any CPU.Build.0 = Debug|Any CPU
		{826A337E-3C22-4B7F-A84D-CFF8A8270E27}.Release|Any CPU.ActiveCfg = Release|Any CPU
		{826A337E-3C22-4B7F-A84D-CFF8A8270E27}.Release|Any CPU.Build.0 = Release|Any CPU
	EndGlobalSection
	GlobalSection(SolutionProperties) = preSolution
		HideSolutionNode = FALSE
	EndGlobalSection
	GlobalSection(ExtensibilityGlobals) = postSolution
		SolutionGuid = {975172CA-DE9B-43F7-90B7-5372D4B1EA80}
	EndGlobalSection
EndGlobal
